
Microsoft Visual Studio Solution File, Format Version 9.00
# Visual Studio 2005
Project("{FAE04EC0-301F-11D3-BF4B-00C04F79EFBC}") = "Logo2Modbus", "Logo2Modbus\Logo2Modbus.csproj", "{0D8D5556-51F1-49DC-94A3-F651545776FF}"
EndProject
Global
	GlobalSection(SolutionConfigurationPlatforms) = preSolution
		Debug|Any CPU = Debug|Any CPU
		Release|Any CPU = Release|Any CPU
	EndGlobalSection
	GlobalSection(ProjectConfigurationPlatforms) = postSolution
		{0D8D5556-51F1-49DC-94A3-F651545776FF}.Debug|Any CPU.ActiveCfg = Debug|Any CPU
		{0D8D5556-51F1-49DC-94A3-F651545776FF}.Debug|Any CPU.Build.0 = Debug|Any CPU
		{0D8D5556-51F1-49DC-94A3-F651545776FF}.Release|Any CPU.ActiveCfg = Release|Any CPU
		{0D8D5556-51F1-49DC-94A3-F651545776FF}.Release|Any CPU.Build.0 = Release|Any CPU
	EndGlobalSection
	GlobalSection(SolutionProperties) = preSolution
		HideSolutionNode = FALSE
	EndGlobalSection
EndGlobal
